// !$*UTF8*$!
{
	archiveVersion = 1;
	classes = {
	};
	objectVersion = 46;
	objects = {

/* Begin PBXBuildFile section */
		EAC5A5F91B3174490004C0A1 /* AppDelegate.swift in Sources */ = {isa = PBXBuildFile; fileRef = EAC5A5F81B3174490004C0A1 /* AppDelegate.swift */; };
		EAC5A5FC1B3174490004C0A1 /* Test.xcdatamodeld in Sources */ = {isa = PBXBuildFile; fileRef = EAC5A5FA1B3174490004C0A1 /* Test.xcdatamodeld */; };
		EAC5A5FE1B3174490004C0A1 /* ViewController.swift in Sources */ = {isa = PBXBuildFile; fileRef = EAC5A5FD1B3174490004C0A1 /* ViewController.swift */; };
		EAC5A6011B3174490004C0A1 /* Main.storyboard in Resources */ = {isa = PBXBuildFile; fileRef = EAC5A5FF1B3174490004C0A1 /* Main.storyboard */; };
		EAC5A6031B3174490004C0A1 /* Images.xcassets in Resources */ = {isa = PBXBuildFile; fileRef = EAC5A6021B3174490004C0A1 /* Images.xcassets */; };
		EAC5A6061B3174490004C0A1 /* LaunchScreen.xib in Resources */ = {isa = PBXBuildFile; fileRef = EAC5A6041B3174490004C0A1 /* LaunchScreen.xib */; };
		EAC5A6121B3174490004C0A1 /* TestTests.swift in Sources */ = {isa = PBXBuildFile; fileRef = EAC5A6111B3174490004C0A1 /* TestTests.swift */; };
		EAC5A6211B31745E0004C0A1 /* Bolts.framework in Frameworks */ = {isa = PBXBuildFile; fileRef = EAC5A61B1B31745E0004C0A1 /* Bolts.framework */; };
		EAC5A6221B31745E0004C0A1 /* Parse.framework in Frameworks */ = {isa = PBXBuildFile; fileRef = EAC5A61C1B31745E0004C0A1 /* Parse.framework */; };
		EAC5A6231B31745E0004C0A1 /* ParseCrashReporting.framework in Frameworks */ = {isa = PBXBuildFile; fileRef = EAC5A61D1B31745E0004C0A1 /* ParseCrashReporting.framework */; };
		EAC5A6241B31745E0004C0A1 /* ParseFacebookUtils.framework in Frameworks */ = {isa = PBXBuildFile; fileRef = EAC5A61E1B31745E0004C0A1 /* ParseFacebookUtils.framework */; };
		EAC5A6251B31745E0004C0A1 /* ParseFacebookUtilsV4.framework in Frameworks */ = {isa = PBXBuildFile; fileRef = EAC5A61F1B31745E0004C0A1 /* ParseFacebookUtilsV4.framework */; };
		EAC5A6261B31745E0004C0A1 /* ParseUI.framework in Frameworks */ = {isa = PBXBuildFile; fileRef = EAC5A6201B31745E0004C0A1 /* ParseUI.framework */; };
		EAC5A6291B3174BF0004C0A1 /* AudioToolbox.framework in Frameworks */ = {isa = PBXBuildFile; fileRef = EAC5A6271B31749E0004C0A1 /* AudioToolbox.framework */; };
		EAC5A62B1B3174D00004C0A1 /* CFNetwork.framework in Frameworks */ = {isa = PBXBuildFile; fileRef = EAC5A62A1B3174D00004C0A1 /* CFNetwork.framework */; };
		EAC5A62D1B3174D80004C0A1 /* CoreGraphics.framework in Frameworks */ = {isa = PBXBuildFile; fileRef = EAC5A62C1B3174D80004C0A1 /* CoreGraphics.framework */; };
		EAC5A62F1B3174DF0004C0A1 /* CoreLocation.framework in Frameworks */ = {isa = PBXBuildFile; fileRef = EAC5A62E1B3174DF0004C0A1 /* CoreLocation.framework */; };
		EAC5A6311B3174E50004C0A1 /* libz.dylib in Frameworks */ = {isa = PBXBuildFile; fileRef = EAC5A6301B3174E50004C0A1 /* libz.dylib */; };
		EAC5A6331B3174ED0004C0A1 /* MobileCoreServices.framework in Frameworks */ = {isa = PBXBuildFile; fileRef = EAC5A6321B3174ED0004C0A1 /* MobileCoreServices.framework */; };
		EAC5A6351B3174F30004C0A1 /* QuartzCore.framework in Frameworks */ = {isa = PBXBuildFile; fileRef = EAC5A6341B3174F30004C0A1 /* QuartzCore.framework */; };
		EAC5A6371B3174FB0004C0A1 /* Security.framework in Frameworks */ = {isa = PBXBuildFile; fileRef = EAC5A6361B3174FB0004C0A1 /* Security.framework */; };
		EAC5A6391B3175030004C0A1 /* StoreKit.framework in Frameworks */ = {isa = PBXBuildFile; fileRef = EAC5A6381B3175030004C0A1 /* StoreKit.framework */; };
		EAC5A63B1B31750A0004C0A1 /* SystemConfiguration.framework in Frameworks */ = {isa = PBXBuildFile; fileRef = EAC5A63A1B31750A0004C0A1 /* SystemConfiguration.framework */; };
		EAC5A63D1B3175100004C0A1 /* libsqlite3.dylib in Frameworks */ = {isa = PBXBuildFile; fileRef = EAC5A63C1B3175100004C0A1 /* libsqlite3.dylib */; };
		EAC5A6401B3175200004C0A1 /* test.m in Sources */ = {isa = PBXBuildFile; fileRef = EAC5A63F1B3175200004C0A1 /* test.m */; };
		EAC5A6441B31C8D70004C0A1 /* TextCell.swift in Sources */ = {isa = PBXBuildFile; fileRef = EAC5A6431B31C8D70004C0A1 /* TextCell.swift */; };
/* End PBXBuildFile section */

/* Begin PBXContainerItemProxy section */
		EAC5A60C1B3174490004C0A1 /* PBXContainerItemProxy */ = {
			isa = PBXContainerItemProxy;
			containerPortal = EAC5A5EB1B3174490004C0A1 /* Project object */;
			proxyType = 1;
			remoteGlobalIDString = EAC5A5F21B3174490004C0A1;
			remoteInfo = Test;
		};
/* End PBXContainerItemProxy section */

/* Begin PBXFileReference section */
		EAC5A5F31B3174490004C0A1 /* Test.app */ = {isa = PBXFileReference; explicitFileType = wrapper.application; includeInIndex = 0; path = Test.app; sourceTree = BUILT_PRODUCTS_DIR; };
		EAC5A5F71B3174490004C0A1 /* Info.plist */ = {isa = PBXFileReference; lastKnownFileType = text.plist.xml; path = Info.plist; sourceTree = "<group>"; };
		EAC5A5F81B3174490004C0A1 /* AppDelegate.swift */ = {isa = PBXFileReference; lastKnownFileType = sourcecode.swift; path = AppDelegate.swift; sourceTree = "<group>"; };
		EAC5A5FB1B3174490004C0A1 /* Test.xcdatamodel */ = {isa = PBXFileReference; lastKnownFileType = wrapper.xcdatamodel; path = Test.xcdatamodel; sourceTree = "<group>"; };
		EAC5A5FD1B3174490004C0A1 /* ViewController.swift */ = {isa = PBXFileReference; lastKnownFileType = sourcecode.swift; path = ViewController.swift; sourceTree = "<group>"; };
		EAC5A6001B3174490004C0A1 /* Base */ = {isa = PBXFileReference; lastKnownFileType = file.storyboard; name = Base; path = Base.lproj/Main.storyboard; sourceTree = "<group>"; };
		EAC5A6021B3174490004C0A1 /* Images.xcassets */ = {isa = PBXFileReference; lastKnownFileType = folder.assetcatalog; path = Images.xcassets; sourceTree = "<group>"; };
		EAC5A6051B3174490004C0A1 /* Base */ = {isa = PBXFileReference; lastKnownFileType = file.xib; name = Base; path = Base.lproj/LaunchScreen.xib; sourceTree = "<group>"; };
		EAC5A60B1B3174490004C0A1 /* TestTests.xctest */ = {isa = PBXFileReference; explicitFileType = wrapper.cfbundle; includeInIndex = 0; path = TestTests.xctest; sourceTree = BUILT_PRODUCTS_DIR; };
		EAC5A6101B3174490004C0A1 /* Info.plist */ = {isa = PBXFileReference; lastKnownFileType = text.plist.xml; path = Info.plist; sourceTree = "<group>"; };
		EAC5A6111B3174490004C0A1 /* TestTests.swift */ = {isa = PBXFileReference; lastKnownFileType = sourcecode.swift; path = TestTests.swift; sourceTree = "<group>"; };
		EAC5A61B1B31745E0004C0A1 /* Bolts.framework */ = {isa = PBXFileReference; lastKnownFileType = wrapper.framework; path = Bolts.framework; sourceTree = "<group>"; };
		EAC5A61C1B31745E0004C0A1 /* Parse.framework */ = {isa = PBXFileReference; lastKnownFileType = wrapper.framework; path = Parse.framework; sourceTree = "<group>"; };
		EAC5A61D1B31745E0004C0A1 /* ParseCrashReporting.framework */ = {isa = PBXFileReference; lastKnownFileType = wrapper.framework; path = ParseCrashReporting.framework; sourceTree = "<group>"; };
		EAC5A61E1B31745E0004C0A1 /* ParseFacebookUtils.framework */ = {isa = PBXFileReference; lastKnownFileType = wrapper.framework; path = ParseFacebookUtils.framework; sourceTree = "<group>"; };
		EAC5A61F1B31745E0004C0A1 /* ParseFacebookUtilsV4.framework */ = {isa = PBXFileReference; lastKnownFileType = wrapper.framework; path = ParseFacebookUtilsV4.framework; sourceTree = "<group>"; };
		EAC5A6201B31745E0004C0A1 /* ParseUI.framework */ = {isa = PBXFileReference; lastKnownFileType = wrapper.framework; path = ParseUI.framework; sourceTree = "<group>"; };
		EAC5A6271B31749E0004C0A1 /* AudioToolbox.framework */ = {isa = PBXFileReference; lastKnownFileType = wrapper.framework; name = AudioToolbox.framework; path = System/Library/Frameworks/AudioToolbox.framework; sourceTree = SDKROOT; };
		EAC5A62A1B3174D00004C0A1 /* CFNetwork.framework */ = {isa = PBXFileReference; lastKnownFileType = wrapper.framework; name = CFNetwork.framework; path = System/Library/Frameworks/CFNetwork.framework; sourceTree = SDKROOT; };
		EAC5A62C1B3174D80004C0A1 /* CoreGraphics.framework */ = {isa = PBXFileReference; lastKnownFileType = wrapper.framework; name = CoreGraphics.framework; path = System/Library/Frameworks/CoreGraphics.framework; sourceTree = SDKROOT; };
		EAC5A62E1B3174DF0004C0A1 /* CoreLocation.framework */ = {isa = PBXFileReference; lastKnownFileType = wrapper.framework; name = CoreLocation.framework; path = System/Library/Frameworks/CoreLocation.framework; sourceTree = SDKROOT; };
		EAC5A6301B3174E50004C0A1 /* libz.dylib */ = {isa = PBXFileReference; lastKnownFileType = "compiled.mach-o.dylib"; name = libz.dylib; path = usr/lib/libz.dylib; sourceTree = SDKROOT; };
		EAC5A6321B3174ED0004C0A1 /* MobileCoreServices.framework */ = {isa = PBXFileReference; lastKnownFileType = wrapper.framework; name = MobileCoreServices.framework; path = System/Library/Frameworks/MobileCoreServices.framework; sourceTree = SDKROOT; };
		EAC5A6341B3174F30004C0A1 /* QuartzCore.framework */ = {isa = PBXFileReference; lastKnownFileType = wrapper.framework; name = QuartzCore.framework; path = System/Library/Frameworks/QuartzCore.framework; sourceTree = SDKROOT; };
		EAC5A6361B3174FB0004C0A1 /* Security.framework */ = {isa = PBXFileReference; lastKnownFileType = wrapper.framework; name = Security.framework; path = System/Library/Frameworks/Security.framework; sourceTree = SDKROOT; };
		EAC5A6381B3175030004C0A1 /* StoreKit.framework */ = {isa = PBXFileReference; lastKnownFileType = wrapper.framework; name = StoreKit.framework; path = System/Library/Frameworks/StoreKit.framework; sourceTree = SDKROOT; };
		EAC5A63A1B31750A0004C0A1 /* SystemConfiguration.framework */ = {isa = PBXFileReference; lastKnownFileType = wrapper.framework; name = SystemConfiguration.framework; path = System/Library/Frameworks/SystemConfiguration.framework; sourceTree = SDKROOT; };
		EAC5A63C1B3175100004C0A1 /* libsqlite3.dylib */ = {isa = PBXFileReference; lastKnownFileType = "compiled.mach-o.dylib"; name = libsqlite3.dylib; path = usr/lib/libsqlite3.dylib; sourceTree = SDKROOT; };
		EAC5A63E1B31751F0004C0A1 /* Test-Bridging-Header.h */ = {isa = PBXFileReference; lastKnownFileType = sourcecode.c.h; path = "Test-Bridging-Header.h"; sourceTree = "<group>"; };
		EAC5A63F1B3175200004C0A1 /* test.m */ = {isa = PBXFileReference; fileEncoding = 4; lastKnownFileType = sourcecode.c.objc; path = test.m; sourceTree = "<group>"; };
		EAC5A6431B31C8D70004C0A1 /* TextCell.swift */ = {isa = PBXFileReference; fileEncoding = 4; lastKnownFileType = sourcecode.swift; name = TextCell.swift; path = ../TextCell.swift; sourceTree = "<group>"; };
/* End PBXFileReference section */

/* Begin PBXFrameworksBuildPhase section */
		EAC5A5F01B3174490004C0A1 /* Frameworks */ = {
			isa = PBXFrameworksBuildPhase;
			buildActionMask = 2147483647;
			files = (
				EAC5A63D1B3175100004C0A1 /* libsqlite3.dylib in Frameworks */,
				EAC5A63B1B31750A0004C0A1 /* SystemConfiguration.framework in Frameworks */,
				EAC5A6391B3175030004C0A1 /* StoreKit.framework in Frameworks */,
				EAC5A6371B3174FB0004C0A1 /* Security.framework in Frameworks */,
				EAC5A6351B3174F30004C0A1 /* QuartzCore.framework in Frameworks */,
				EAC5A6331B3174ED0004C0A1 /* MobileCoreServices.framework in Frameworks */,
				EAC5A6311B3174E50004C0A1 /* libz.dylib in Frameworks */,
				EAC5A62F1B3174DF0004C0A1 /* CoreLocation.framework in Frameworks */,
				EAC5A62D1B3174D80004C0A1 /* CoreGraphics.framework in Frameworks */,
				EAC5A62B1B3174D00004C0A1 /* CFNetwork.framework in Frameworks */,
				EAC5A6291B3174BF0004C0A1 /* AudioToolbox.framework in Frameworks */,
				EAC5A6261B31745E0004C0A1 /* ParseUI.framework in Frameworks */,
				EAC5A6221B31745E0004C0A1 /* Parse.framework in Frameworks */,
				EAC5A6231B31745E0004C0A1 /* ParseCrashReporting.framework in Frameworks */,
				EAC5A6241B31745E0004C0A1 /* ParseFacebookUtils.framework in Frameworks */,
				EAC5A6211B31745E0004C0A1 /* Bolts.framework in Frameworks */,
				EAC5A6251B31745E0004C0A1 /* ParseFacebookUtilsV4.framework in Frameworks */,
			);
			runOnlyForDeploymentPostprocessing = 0;
		};
		EAC5A6081B3174490004C0A1 /* Frameworks */ = {
			isa = PBXFrameworksBuildPhase;
			buildActionMask = 2147483647;
			files = (
			);
			runOnlyForDeploymentPostprocessing = 0;
		};
/* End PBXFrameworksBuildPhase section */

/* Begin PBXGroup section */
		EAC5A5EA1B3174490004C0A1 = {
			isa = PBXGroup;
			children = (
				EAC5A63F1B3175200004C0A1 /* test.m */,
				EAC5A63C1B3175100004C0A1 /* libsqlite3.dylib */,
				EAC5A63A1B31750A0004C0A1 /* SystemConfiguration.framework */,
				EAC5A6381B3175030004C0A1 /* StoreKit.framework */,
				EAC5A6361B3174FB0004C0A1 /* Security.framework */,
				EAC5A6341B3174F30004C0A1 /* QuartzCore.framework */,
				EAC5A6321B3174ED0004C0A1 /* MobileCoreServices.framework */,
				EAC5A6301B3174E50004C0A1 /* libz.dylib */,
				EAC5A62E1B3174DF0004C0A1 /* CoreLocation.framework */,
				EAC5A62C1B3174D80004C0A1 /* CoreGraphics.framework */,
				EAC5A62A1B3174D00004C0A1 /* CFNetwork.framework */,
				EAC5A6271B31749E0004C0A1 /* AudioToolbox.framework */,
				EAC5A5F51B3174490004C0A1 /* Test */,
				EAC5A60E1B3174490004C0A1 /* TestTests */,
				EAC5A5F41B3174490004C0A1 /* Products */,
				EAC5A63E1B31751F0004C0A1 /* Test-Bridging-Header.h */,
			);
			sourceTree = "<group>";
		};
		EAC5A5F41B3174490004C0A1 /* Products */ = {
			isa = PBXGroup;
			children = (
				EAC5A5F31B3174490004C0A1 /* Test.app */,
				EAC5A60B1B3174490004C0A1 /* TestTests.xctest */,
			);
			name = Products;
			sourceTree = "<group>";
		};
		EAC5A5F51B3174490004C0A1 /* Test */ = {
			isa = PBXGroup;
			children = (
				EAC5A6431B31C8D70004C0A1 /* TextCell.swift */,
				EAC5A61B1B31745E0004C0A1 /* Bolts.framework */,
				EAC5A61C1B31745E0004C0A1 /* Parse.framework */,
				EAC5A61D1B31745E0004C0A1 /* ParseCrashReporting.framework */,
				EAC5A61E1B31745E0004C0A1 /* ParseFacebookUtils.framework */,
				EAC5A61F1B31745E0004C0A1 /* ParseFacebookUtilsV4.framework */,
				EAC5A6201B31745E0004C0A1 /* ParseUI.framework */,
				EAC5A5F81B3174490004C0A1 /* AppDelegate.swift */,
				EAC5A5FD1B3174490004C0A1 /* ViewController.swift */,
				EAC5A5FF1B3174490004C0A1 /* Main.storyboard */,
				EAC5A6021B3174490004C0A1 /* Images.xcassets */,
				EAC5A6041B3174490004C0A1 /* LaunchScreen.xib */,
				EAC5A5FA1B3174490004C0A1 /* Test.xcdatamodeld */,
				EAC5A5F61B3174490004C0A1 /* Supporting Files */,
			);
			path = Test;
			sourceTree = "<group>";
		};
		EAC5A5F61B3174490004C0A1 /* Supporting Files */ = {
			isa = PBXGroup;
			children = (
				EAC5A5F71B3174490004C0A1 /* Info.plist */,
			);
			name = "Supporting Files";
			sourceTree = "<group>";
		};
		EAC5A60E1B3174490004C0A1 /* TestTests */ = {
			isa = PBXGroup;
			children = (
				EAC5A6111B3174490004C0A1 /* TestTests.swift */,
				EAC5A60F1B3174490004C0A1 /* Supporting Files */,
			);
			path = TestTests;
			sourceTree = "<group>";
		};
		EAC5A60F1B3174490004C0A1 /* Supporting Files */ = {
			isa = PBXGroup;
			children = (
				EAC5A6101B3174490004C0A1 /* Info.plist */,
			);
			name = "Supporting Files";
			sourceTree = "<group>";
		};
/* End PBXGroup section */

/* Begin PBXNativeTarget section */
		EAC5A5F21B3174490004C0A1 /* Test */ = {
			isa = PBXNativeTarget;
			buildConfigurationList = EAC5A6151B3174490004C0A1 /* Build configuration list for PBXNativeTarget "Test" */;
			buildPhases = (
				EAC5A5EF1B3174490004C0A1 /* Sources */,
				EAC5A5F01B3174490004C0A1 /* Frameworks */,
				EAC5A5F11B3174490004C0A1 /* Resources */,
			);
			buildRules = (
			);
			dependencies = (
			);
			name = Test;
			productName = Test;
			productReference = EAC5A5F31B3174490004C0A1 /* Test.app */;
			productType = "com.apple.product-type.application";
		};
		EAC5A60A1B3174490004C0A1 /* TestTests */ = {
			isa = PBXNativeTarget;
			buildConfigurationList = EAC5A6181B3174490004C0A1 /* Build configuration list for PBXNativeTarget "TestTests" */;
			buildPhases = (
				EAC5A6071B3174490004C0A1 /* Sources */,
				EAC5A6081B3174490004C0A1 /* Frameworks */,
				EAC5A6091B3174490004C0A1 /* Resources */,
			);
			buildRules = (
			);
			dependencies = (
				EAC5A60D1B3174490004C0A1 /* PBXTargetDependency */,
			);
			name = TestTests;
			productName = TestTests;
			productReference = EAC5A60B1B3174490004C0A1 /* TestTests.xctest */;
			productType = "com.apple.product-type.bundle.unit-test";
		};
/* End PBXNativeTarget section */

/* Begin PBXProject section */
		EAC5A5EB1B3174490004C0A1 /* Project object */ = {
			isa = PBXProject;
			attributes = {
				LastUpgradeCheck = 0630;
				ORGANIZATIONNAME = BenLacroix;
				TargetAttributes = {
					EAC5A5F21B3174490004C0A1 = {
						CreatedOnToolsVersion = 6.3.2;
					};
					EAC5A60A1B3174490004C0A1 = {
						CreatedOnToolsVersion = 6.3.2;
						TestTargetID = EAC5A5F21B3174490004C0A1;
					};
				};
			};
			buildConfigurationList = EAC5A5EE1B3174490004C0A1 /* Build configuration list for PBXProject "Test" */;
			compatibilityVersion = "Xcode 3.2";
			developmentRegion = English;
			hasScannedForEncodings = 0;
			knownRegions = (
				en,
				Base,
			);
			mainGroup = EAC5A5EA1B3174490004C0A1;
			productRefGroup = EAC5A5F41B3174490004C0A1 /* Products */;
			projectDirPath = "";
			projectRoot = "";
			targets = (
				EAC5A5F21B3174490004C0A1 /* Test */,
				EAC5A60A1B3174490004C0A1 /* TestTests */,
			);
		};
/* End PBXProject section */

/* Begin PBXResourcesBuildPhase section */
		EAC5A5F11B3174490004C0A1 /* Resources */ = {
			isa = PBXResourcesBuildPhase;
			buildActionMask = 2147483647;
			files = (
				EAC5A6011B3174490004C0A1 /* Main.storyboard in Resources */,
				EAC5A6061B3174490004C0A1 /* LaunchScreen.xib in Resources */,
				EAC5A6031B3174490004C0A1 /* Images.xcassets in Resources */,
			);
			runOnlyForDeploymentPostprocessing = 0;
		};
		EAC5A6091B3174490004C0A1 /* Resources */ = {
			isa = PBXResourcesBuildPhase;
			buildActionMask = 2147483647;
			files = (
			);
			runOnlyForDeploymentPostprocessing = 0;
		};
/* End PBXResourcesBuildPhase section */

/* Begin PBXSourcesBuildPhase section */
		EAC5A5EF1B3174490004C0A1 /* Sources */ = {
			isa = PBXSourcesBuildPhase;
			buildActionMask = 2147483647;
			files = (
				EAC5A5FE1B3174490004C0A1 /* ViewController.swift in Sources */,
				EAC5A6401B3175200004C0A1 /* test.m in Sources */,
				EAC5A6441B31C8D70004C0A1 /* TextCell.swift in Sources */,
				EAC5A5F91B3174490004C0A1 /* AppDelegate.swift in Sources */,
				EAC5A5FC1B3174490004C0A1 /* Test.xcdatamodeld in Sources */,
			);
			runOnlyForDeploymentPostprocessing = 0;
		};
		EAC5A6071B3174490004C0A1 /* Sources */ = {
			isa = PBXSourcesBuildPhase;
			buildActionMask = 2147483647;
			files = (
				EAC5A6121B3174490004C0A1 /* TestTests.swift in Sources */,
			);
			runOnlyForDeploymentPostprocessing = 0;
		};
/* End PBXSourcesBuildPhase section */

/* Begin PBXTargetDependency section */
		EAC5A60D1B3174490004C0A1 /* PBXTargetDependency */ = {
			isa = PBXTargetDependency;
			target = EAC5A5F21B3174490004C0A1 /* Test */;
			targetProxy = EAC5A60C1B3174490004C0A1 /* PBXContainerItemProxy */;
		};
/* End PBXTargetDependency section */

/* Begin PBXVariantGroup section */
		EAC5A5FF1B3174490004C0A1 /* Main.storyboard */ = {
			isa = PBXVariantGroup;
			children = (
				EAC5A6001B3174490004C0A1 /* Base */,
			);
			name = Main.storyboard;
			sourceTree = "<group>";
		};
		EAC5A6041B3174490004C0A1 /* LaunchScreen.xib */ = {
			isa = PBXVariantGroup;
			children = (
				EAC5A6051B3174490004C0A1 /* Base */,
			);
			name = LaunchScreen.xib;
			sourceTree = "<group>";
		};
/* End PBXVariantGroup section */

/* Begin XCBuildConfiguration section */
		EAC5A6131B3174490004C0A1 /* Debug */ = {
			isa = XCBuildConfiguration;
			buildSettings = {
				ALWAYS_SEARCH_USER_PATHS = NO;
				CLANG_CXX_LANGUAGE_STANDARD = "gnu++0x";
				CLANG_CXX_LIBRARY = "libc++";
				CLANG_ENABLE_MODULES = YES;
				CLANG_ENABLE_OBJC_ARC = YES;
				CLANG_WARN_BOOL_CONVERSION = YES;
				CLANG_WARN_CONSTANT_CONVERSION = YES;
				CLANG_WARN_DIRECT_OBJC_ISA_USAGE = YES_ERROR;
				CLANG_WARN_EMPTY_BODY = YES;
				CLANG_WARN_ENUM_CONVERSION = YES;
				CLANG_WARN_INT_CONVERSION = YES;
				CLANG_WARN_OBJC_ROOT_CLASS = YES_ERROR;
				CLANG_WARN_UNREACHABLE_CODE = YES;
				CLANG_WARN__DUPLICATE_METHOD_MATCH = YES;
				"CODE_SIGN_IDENTITY[sdk=iphoneos*]" = "iPhone Developer";
				COPY_PHASE_STRIP = NO;
				DEBUG_INFORMATION_FORMAT = "dwarf-with-dsym";
				ENABLE_STRICT_OBJC_MSGSEND = YES;
				GCC_C_LANGUAGE_STANDARD = gnu99;
				GCC_DYNAMIC_NO_PIC = NO;
				GCC_NO_COMMON_BLOCKS = YES;
				GCC_OPTIMIZATION_LEVEL = 0;
				GCC_PREPROCESSOR_DEFINITIONS = (
					"DEBUG=1",
					"$(inherited)",
				);
				GCC_SYMBOLS_PRIVATE_EXTERN = NO;
				GCC_WARN_64_TO_32_BIT_CONVERSION = YES;
				GCC_WARN_ABOUT_RETURN_TYPE = YES_ERROR;
				GCC_WARN_UNDECLARED_SELECTOR = YES;
				GCC_WARN_UNINITIALIZED_AUTOS = YES_AGGRESSIVE;
				GCC_WARN_UNUSED_FUNCTION = YES;
				GCC_WARN_UNUSED_VARIABLE = YES;
				IPHONEOS_DEPLOYMENT_TARGET = 8.3;
				MTL_ENABLE_DEBUG_INFO = YES;
				ONLY_ACTIVE_ARCH = YES;
				SDKROOT = iphoneos;
				SWIFT_OPTIMIZATION_LEVEL = "-Onone";
				TARGETED_DEVICE_FAMILY = "1,2";
			};
			name = Debug;
		};
		EAC5A6141B3174490004C0A1 /* Release */ = {
			isa = XCBuildConfiguration;
			buildSettings = {
				ALWAYS_SEARCH_USER_PATHS = NO;
				CLANG_CXX_LANGUAGE_STANDARD = "gnu++0x";
				CLANG_CXX_LIBRARY = "libc++";
				CLANG_ENABLE_MODULES = YES;
				CLANG_ENABLE_OBJC_ARC = YES;
				CLANG_WARN_BOOL_CONVERSION = YES;
				CLANG_WARN_CONSTANT_CONVERSION = YES;
				CLANG_WARN_DIRECT_OBJC_ISA_USAGE = YES_ERROR;
				CLANG_WARN_EMPTY_BODY = YES;
				CLANG_WARN_ENUM_CONVERSION = YES;
				CLANG_WARN_INT_CONVERSION = YES;
				CLANG_WARN_OBJC_ROOT_CLASS = YES_ERROR;
				CLANG_WARN_UNREACHABLE_CODE = YES;
				CLANG_WARN__DUPLICATE_METHOD_MATCH = YES;
				"CODE_SIGN_IDENTITY[sdk=iphoneos*]" = "iPhone Developer";
				COPY_PHASE_STRIP = NO;
				DEBUG_INFORMATION_FORMAT = "dwarf-with-dsym";
				ENABLE_NS_ASSERTIONS = NO;
				ENABLE_STRICT_OBJC_MSGSEND = YES;
				GCC_C_LANGUAGE_STANDARD = gnu99;
				GCC_NO_COMMON_BLOCKS = YES;
				GCC_WARN_64_TO_32_BIT_CONVERSION = YES;
				GCC_WARN_ABOUT_RETURN_TYPE = YES_ERROR;
				GCC_WARN_UNDECLARED_SELECTOR = YES;
				GCC_WARN_UNINITIALIZED_AUTOS = YES_AGGRESSIVE;
				GCC_WARN_UNUSED_FUNCTION = YES;
				GCC_WARN_UNUSED_VARIABLE = YES;
				IPHONEOS_DEPLOYMENT_TARGET = 8.3;
				MTL_ENABLE_DEBUG_INFO = NO;
				SDKROOT = iphoneos;
				TARGETED_DEVICE_FAMILY = "1,2";
				VALIDATE_PRODUCT = YES;
			};
			name = Release;
		};
		EAC5A6161B3174490004C0A1 /* Debug */ = {
			isa = XCBuildConfiguration;
			buildSettings = {
				ASSETCATALOG_COMPILER_APPICON_NAME = AppIcon;
				CLANG_ENABLE_MODULES = YES;
				FRAMEWORK_SEARCH_PATHS = (
					"$(inherited)",
					"$(PROJECT_DIR)/Test",
				);
				INFOPLIST_FILE = Test/Info.plist;
				LD_RUNPATH_SEARCH_PATHS = "$(inherited) @executable_path/Frameworks";
				PRODUCT_NAME = "$(TARGET_NAME)";
				SWIFT_OBJC_BRIDGING_HEADER = "Test-Bridging-Header.h";
				SWIFT_OPTIMIZATION_LEVEL = "-Onone";
			};
			name = Debug;
		};
		EAC5A6171B3174490004C0A1 /* Release */ = {
			isa = XCBuildConfiguration;
			buildSettings = {
				ASSETCATALOG_COMPILER_APPICON_NAME = AppIcon;
				CLANG_ENABLE_MODULES = YES;
				FRAMEWORK_SEARCH_PATHS = (
					"$(inherited)",
					"$(PROJECT_DIR)/Test",
				);
				INFOPLIST_FILE = Test/Info.plist;
				LD_RUNPATH_SEARCH_PATHS = "$(inherited) @executable_path/Frameworks";
				PRODUCT_NAME = "$(TARGET_NAME)";
				SWIFT_OBJC_BRIDGING_HEADER = "Test-Bridging-Header.h";
			};
			name = Release;
		};
		EAC5A6191B3174490004C0A1 /* Debug */ = {
			isa = XCBuildConfiguration;
			buildSettings = {
				BUNDLE_LOADER = "$(TEST_HOST)";
				FRAMEWORK_SEARCH_PATHS = (
					"$(SDKROOT)/Developer/Library/Frameworks",
					"$(inherited)",
				);
				GCC_PREPROCESSOR_DEFINITIONS = (
					"DEBUG=1",
					"$(inherited)",
				);
				INFOPLIST_FILE = TestTests/Info.plist;
				LD_RUNPATH_SEARCH_PATHS = "$(inherited) @executable_path/Frameworks @loader_path/Frameworks";
				PRODUCT_NAME = "$(TARGET_NAME)";
				TEST_HOST = "$(BUILT_PRODUCTS_DIR)/Test.app/Test";
			};
			name = Debug;
		};
		EAC5A61A1B3174490004C0A1 /* Release */ = {
			isa = XCBuildConfiguration;
			buildSettings = {
				BUNDLE_LOADER = "$(TEST_HOST)";
				FRAMEWORK_SEARCH_PATHS = (
					"$(SDKROOT)/Developer/Library/Frameworks",
					"$(inherited)",
				);
				INFOPLIST_FILE = TestTests/Info.plist;
				LD_RUNPATH_SEARCH_PATHS = "$(inherited) @executable_path/Frameworks @loader_path/Frameworks";
				PRODUCT_NAME = "$(TARGET_NAME)";
				TEST_HOST = "$(BUILT_PRODUCTS_DIR)/Test.app/Test";
			};
			name = Release;
		};
/* End XCBuildConfiguration section */

/* Begin XCConfigurationList section */
		EAC5A5EE1B3174490004C0A1 /* Build configuration list for PBXProject "Test" */ = {
			isa = XCConfigurationList;
			buildConfigurations = (
				EAC5A6131B3174490004C0A1 /* Debug */,
				EAC5A6141B3174490004C0A1 /* Release */,
			);
			defaultConfigurationIsVisible = 0;
			defaultConfigurationName = Release;
		};
		EAC5A6151B3174490004C0A1 /* Build configuration list for PBXNativeTarget "Test" */ = {
			isa = XCConfigurationList;
			buildConfigurations = (
				EAC5A6161B3174490004C0A1 /* Debug */,
				EAC5A6171B3174490004C0A1 /* Release */,
			);
			defaultConfigurationIsVisible = 0;
			defaultConfigurationName = Release;
		};
		EAC5A6181B3174490004C0A1 /* Build configuration list for PBXNativeTarget "TestTests" */ = {
			isa = XCConfigurationList;
			buildConfigurations = (
				EAC5A6191B3174490004C0A1 /* Debug */,
				EAC5A61A1B3174490004C0A1 /* Release */,
			);
			defaultConfigurationIsVisible = 0;
			defaultConfigurationName = Release;
		};
/* End XCConfigurationList section */

/* Begin XCVersionGroup section */
		EAC5A5FA1B3174490004C0A1 /* Test.xcdatamodeld */ = {
			isa = XCVersionGroup;
			children = (
				EAC5A5FB1B3174490004C0A1 /* Test.xcdatamodel */,
			);
			currentVersion = EAC5A5FB1B3174490004C0A1 /* Test.xcdatamodel */;
			path = Test.xcdatamodeld;
			sourceTree = "<group>";
			versionGroupType = wrapper.xcdatamodel;
		};
/* End XCVersionGroup section */
	};
	rootObject = EAC5A5EB1B3174490004C0A1 /* Project object */;
}
